
Microsoft Visual Studio Solution File, Format Version 12.00
# Visual Studio Version 17
VisualStudioVersion = 17.10.35027.167
MinimumVisualStudioVersion = 10.0.40219.1
Project("{2150E333-8FDC-42A3-9474-1A3956D46DE8}") = "src", "src", "{E2B1E7FC-1633-412C-BCA9-EB6235A9E211}"
EndProject
Project("{2150E333-8FDC-42A3-9474-1A3956D46DE8}") = "Çözüm Öğeleri", "Çözüm Öğeleri", "{22FDC6F2-80D4-4671-80AA-92BB0829E907}"
	ProjectSection(SolutionItems) = preProject
		ServiceUrls.txt = ServiceUrls.txt
	EndProjectSection
EndProject
Project("{2150E333-8FDC-42A3-9474-1A3956D46DE8}") = "ApiGateways", "ApiGateways", "{7ED09719-4BCE-4B3B-A1DE-F375E476E3BC}"
EndProject
Project("{2150E333-8FDC-42A3-9474-1A3956D46DE8}") = "BuildingBlocks", "BuildingBlocks", "{3264FB39-2753-4E46-9576-1A308156B104}"
EndProject
Project("{2150E333-8FDC-42A3-9474-1A3956D46DE8}") = "Services", "Services", "{C7295D41-F9DA-47FC-8D4B-75D25E106A49}"
EndProject
Project("{2150E333-8FDC-42A3-9474-1A3956D46DE8}") = "Clients", "Clients", "{1E27BFEC-F5C4-4B53-8603-BE8D8D38EE49}"
EndProject
Project("{2150E333-8FDC-42A3-9474-1A3956D46DE8}") = "WebApiGateway", "WebApiGateway", "{7A29B122-2222-4E82-9012-01E1754332FA}"
EndProject
Project("{FAE04EC0-301F-11D3-BF4B-00C04F79EFBC}") = "Web.ApiGateway", "src\ApiGateways\WebApiGateway\Web.ApiGateway\Web.ApiGateway.csproj", "{E256CEAE-B8F5-4EC3-B3A4-603E910A4C21}"
EndProject
Project("{2150E333-8FDC-42A3-9474-1A3956D46DE8}") = "EventBus", "EventBus", "{0F505C97-74DF-4C0F-82F8-563A47B58650}"
EndProject
Project("{FAE04EC0-301F-11D3-BF4B-00C04F79EFBC}") = "EventBus.Base", "src\BuildingBlocks\EventBus\EventBus.Base\EventBus.Base.csproj", "{7A4A89BA-796A-4E80-889A-2801F3D0EE72}"
EndProject
Project("{FAE04EC0-301F-11D3-BF4B-00C04F79EFBC}") = "EventBus.Factory", "src\BuildingBlocks\EventBus\EventBus.Factory\EventBus.Factory.csproj", "{90CEE397-98F0-4E2C-AAB6-2A1038457D2C}"
EndProject
Project("{FAE04EC0-301F-11D3-BF4B-00C04F79EFBC}") = "EventBus.AzureServiceBus", "src\BuildingBlocks\EventBus\EventBus.AzureServiceBus\EventBus.AzureServiceBus.csproj", "{446C3101-BFCE-49AC-8DE6-B77ADD6CA190}"
EndProject
Project("{FAE04EC0-301F-11D3-BF4B-00C04F79EFBC}") = "EventBus.RabbitMQ", "src\BuildingBlocks\EventBus\EventBus.RabbitMQ\EventBus.RabbitMQ.csproj", "{4404DE24-77E9-43A8-B5A6-046776E75239}"
EndProject
Project("{2150E333-8FDC-42A3-9474-1A3956D46DE8}") = "BlazorWebApp", "BlazorWebApp", "{261E89D7-5CB6-438D-A7EE-21E1F2EA0B44}"
EndProject
Project("{FAE04EC0-301F-11D3-BF4B-00C04F79EFBC}") = "WebApp", "src\Clients\BlazorWebApp\WebApp\WebApp.csproj", "{B5A9A7CC-F547-4B81-BC37-E92ECFD9927E}"
EndProject
Project("{2150E333-8FDC-42A3-9474-1A3956D46DE8}") = "BasketService", "BasketService", "{C9BF9C9C-6E5B-4C0E-8D8D-4E6143BCCA16}"
EndProject
Project("{FAE04EC0-301F-11D3-BF4B-00C04F79EFBC}") = "BasketService.Api", "src\Services\BasketService\BasketService.Api\BasketService.Api.csproj", "{210C892A-5BB8-49BD-BB4C-D20AC878F4EB}"
EndProject
Project("{2150E333-8FDC-42A3-9474-1A3956D46DE8}") = "CatalogService", "CatalogService", "{DD42BBDA-7C0C-4099-9D4C-B1FEF00C63F0}"
EndProject
Project("{FAE04EC0-301F-11D3-BF4B-00C04F79EFBC}") = "CatalogService.Api", "src\Services\CatalogService\CatalogService.Api\CatalogService.Api.csproj", "{06501075-8EFE-43CE-B418-E7CCC0871A4E}"
EndProject
Project("{2150E333-8FDC-42A3-9474-1A3956D46DE8}") = "IdentityService", "IdentityService", "{380CC2E1-094C-4D56-8DF0-4FEBE3D1C515}"
EndProject
Project("{FAE04EC0-301F-11D3-BF4B-00C04F79EFBC}") = "IdentityService.Api", "src\Services\IdentityService\IdentityService.Api\IdentityService.Api.csproj", "{C0E9E7B3-C6BD-47FE-BB9A-77F5EEA3D3B5}"
EndProject
Project("{2150E333-8FDC-42A3-9474-1A3956D46DE8}") = "NotificationService", "NotificationService", "{54D06612-EC1A-40FD-8E03-567A7B6945ED}"
EndProject
Project("{FAE04EC0-301F-11D3-BF4B-00C04F79EFBC}") = "NotificationService", "src\Services\NotificationService\NotificationService\NotificationService.csproj", "{8064735C-71A7-4340-92C8-9554EBD57B9A}"
EndProject
Project("{2150E333-8FDC-42A3-9474-1A3956D46DE8}") = "OrderService", "OrderService", "{073D229B-0E64-420A-A29E-CDCAC618B322}"
EndProject
Project("{FAE04EC0-301F-11D3-BF4B-00C04F79EFBC}") = "OrderService.Domain", "src\Services\OrderService\OrderService.Domain\OrderService.Domain.csproj", "{C4F31BB2-67E7-49C1-B129-2800620559C1}"
EndProject
Project("{FAE04EC0-301F-11D3-BF4B-00C04F79EFBC}") = "OrderService.Application", "src\Services\OrderService\OrderService.Application\OrderService.Application.csproj", "{A1DCBEFB-6F94-4749-8111-576A8FAD69C6}"
EndProject
Project("{FAE04EC0-301F-11D3-BF4B-00C04F79EFBC}") = "OrderService.Infrastructure", "src\Services\OrderService\OrderService.Infrastructure\OrderService.Infrastructure.csproj", "{70135C0C-A597-48FF-AE98-598F2EC4FC38}"
EndProject
Project("{FAE04EC0-301F-11D3-BF4B-00C04F79EFBC}") = "OrderService.Api", "src\Services\OrderService\OrderService.Api\OrderService.Api.csproj", "{1EA2CE2D-4084-4E49-BDF9-633B0AF368D1}"
EndProject
Project("{2150E333-8FDC-42A3-9474-1A3956D46DE8}") = "PaymentService", "PaymentService", "{08E3F040-6678-4790-9F21-FEB7BFDB1094}"
EndProject
Project("{FAE04EC0-301F-11D3-BF4B-00C04F79EFBC}") = "PaymentService.Api", "src\Services\PaymentService\PaymentService.Api\PaymentService.Api.csproj", "{ED50C031-59EA-4ACF-A037-742D3DAE05F3}"
EndProject
Global
	GlobalSection(SolutionConfigurationPlatforms) = preSolution
		Debug|Any CPU = Debug|Any CPU
		Release|Any CPU = Release|Any CPU
	EndGlobalSection
	GlobalSection(ProjectConfigurationPlatforms) = postSolution
		{E256CEAE-B8F5-4EC3-B3A4-603E910A4C21}.Debug|Any CPU.ActiveCfg = Debug|Any CPU
		{E256CEAE-B8F5-4EC3-B3A4-603E910A4C21}.Debug|Any CPU.Build.0 = Debug|Any CPU
		{E256CEAE-B8F5-4EC3-B3A4-603E910A4C21}.Release|Any CPU.ActiveCfg = Release|Any CPU
		{E256CEAE-B8F5-4EC3-B3A4-603E910A4C21}.Release|Any CPU.Build.0 = Release|Any CPU
		{7A4A89BA-796A-4E80-889A-2801F3D0EE72}.Debug|Any CPU.ActiveCfg = Debug|Any CPU
		{7A4A89BA-796A-4E80-889A-2801F3D0EE72}.Debug|Any CPU.Build.0 = Debug|Any CPU
		{7A4A89BA-796A-4E80-889A-2801F3D0EE72}.Release|Any CPU.ActiveCfg = Release|Any CPU
		{7A4A89BA-796A-4E80-889A-2801F3D0EE72}.Release|Any CPU.Build.0 = Release|Any CPU
		{90CEE397-98F0-4E2C-AAB6-2A1038457D2C}.Debug|Any CPU.ActiveCfg = Debug|Any CPU
		{90CEE397-98F0-4E2C-AAB6-2A1038457D2C}.Debug|Any CPU.Build.0 = Debug|Any CPU
		{90CEE397-98F0-4E2C-AAB6-2A1038457D2C}.Release|Any CPU.ActiveCfg = Release|Any CPU
		{90CEE397-98F0-4E2C-AAB6-2A1038457D2C}.Release|Any CPU.Build.0 = Release|Any CPU
		{446C3101-BFCE-49AC-8DE6-B77ADD6CA190}.Debug|Any CPU.ActiveCfg = Debug|Any CPU
		{446C3101-BFCE-49AC-8DE6-B77ADD6CA190}.Debug|Any CPU.Build.0 = Debug|Any CPU
		{446C3101-BFCE-49AC-8DE6-B77ADD6CA190}.Release|Any CPU.ActiveCfg = Release|Any CPU
		{446C3101-BFCE-49AC-8DE6-B77ADD6CA190}.Release|Any CPU.Build.0 = Release|Any CPU
		{4404DE24-77E9-43A8-B5A6-046776E75239}.Debug|Any CPU.ActiveCfg = Debug|Any CPU
		{4404DE24-77E9-43A8-B5A6-046776E75239}.Debug|Any CPU.Build.0 = Debug|Any CPU
		{4404DE24-77E9-43A8-B5A6-046776E75239}.Release|Any CPU.ActiveCfg = Release|Any CPU
		{4404DE24-77E9-43A8-B5A6-046776E75239}.Release|Any CPU.Build.0 = Release|Any CPU
		{B5A9A7CC-F547-4B81-BC37-E92ECFD9927E}.Debug|Any CPU.ActiveCfg = Debug|Any CPU
		{B5A9A7CC-F547-4B81-BC37-E92ECFD9927E}.Debug|Any CPU.Build.0 = Debug|Any CPU
		{B5A9A7CC-F547-4B81-BC37-E92ECFD9927E}.Release|Any CPU.ActiveCfg = Release|Any CPU
		{B5A9A7CC-F547-4B81-BC37-E92ECFD9927E}.Release|Any CPU.Build.0 = Release|Any CPU
		{210C892A-5BB8-49BD-BB4C-D20AC878F4EB}.Debug|Any CPU.ActiveCfg = Debug|Any CPU
		{210C892A-5BB8-49BD-BB4C-D20AC878F4EB}.Debug|Any CPU.Build.0 = Debug|Any CPU
		{210C892A-5BB8-49BD-BB4C-D20AC878F4EB}.Release|Any CPU.ActiveCfg = Release|Any CPU
		{210C892A-5BB8-49BD-BB4C-D20AC878F4EB}.Release|Any CPU.Build.0 = Release|Any CPU
		{06501075-8EFE-43CE-B418-E7CCC0871A4E}.Debug|Any CPU.ActiveCfg = Debug|Any CPU
		{06501075-8EFE-43CE-B418-E7CCC0871A4E}.Debug|Any CPU.Build.0 = Debug|Any CPU
		{06501075-8EFE-43CE-B418-E7CCC0871A4E}.Release|Any CPU.ActiveCfg = Release|Any CPU
		{06501075-8EFE-43CE-B418-E7CCC0871A4E}.Release|Any CPU.Build.0 = Release|Any CPU
		{C0E9E7B3-C6BD-47FE-BB9A-77F5EEA3D3B5}.Debug|Any CPU.ActiveCfg = Debug|Any CPU
		{C0E9E7B3-C6BD-47FE-BB9A-77F5EEA3D3B5}.Debug|Any CPU.Build.0 = Debug|Any CPU
		{C0E9E7B3-C6BD-47FE-BB9A-77F5EEA3D3B5}.Release|Any CPU.ActiveCfg = Release|Any CPU
		{C0E9E7B3-C6BD-47FE-BB9A-77F5EEA3D3B5}.Release|Any CPU.Build.0 = Release|Any CPU
		{8064735C-71A7-4340-92C8-9554EBD57B9A}.Debug|Any CPU.ActiveCfg = Debug|Any CPU
		{8064735C-71A7-4340-92C8-9554EBD57B9A}.Debug|Any CPU.Build.0 = Debug|Any CPU
		{8064735C-71A7-4340-92C8-9554EBD57B9A}.Release|Any CPU.ActiveCfg = Release|Any CPU
		{8064735C-71A7-4340-92C8-9554EBD57B9A}.Release|Any CPU.Build.0 = Release|Any CPU
		{C4F31BB2-67E7-49C1-B129-2800620559C1}.Debug|Any CPU.ActiveCfg = Debug|Any CPU
		{C4F31BB2-67E7-49C1-B129-2800620559C1}.Debug|Any CPU.Build.0 = Debug|Any CPU
		{C4F31BB2-67E7-49C1-B129-2800620559C1}.Release|Any CPU.ActiveCfg = Release|Any CPU
		{C4F31BB2-67E7-49C1-B129-2800620559C1}.Release|Any CPU.Build.0 = Release|Any CPU
		{A1DCBEFB-6F94-4749-8111-576A8FAD69C6}.Debug|Any CPU.ActiveCfg = Debug|Any CPU
		{A1DCBEFB-6F94-4749-8111-576A8FAD69C6}.Debug|Any CPU.Build.0 = Debug|Any CPU
		{A1DCBEFB-6F94-4749-8111-576A8FAD69C6}.Release|Any CPU.ActiveCfg = Release|Any CPU
		{A1DCBEFB-6F94-4749-8111-576A8FAD69C6}.Release|Any CPU.Build.0 = Release|Any CPU
		{70135C0C-A597-48FF-AE98-598F2EC4FC38}.Debug|Any CPU.ActiveCfg = Debug|Any CPU
		{70135C0C-A597-48FF-AE98-598F2EC4FC38}.Debug|Any CPU.Build.0 = Debug|Any CPU
		{70135C0C-A597-48FF-AE98-598F2EC4FC38}.Release|Any CPU.ActiveCfg = Release|Any CPU
		{70135C0C-A597-48FF-AE98-598F2EC4FC38}.Release|Any CPU.Build.0 = Release|Any CPU
		{1EA2CE2D-4084-4E49-BDF9-633B0AF368D1}.Debug|Any CPU.ActiveCfg = Debug|Any CPU
		{1EA2CE2D-4084-4E49-BDF9-633B0AF368D1}.Debug|Any CPU.Build.0 = Debug|Any CPU
		{1EA2CE2D-4084-4E49-BDF9-633B0AF368D1}.Release|Any CPU.ActiveCfg = Release|Any CPU
		{1EA2CE2D-4084-4E49-BDF9-633B0AF368D1}.Release|Any CPU.Build.0 = Release|Any CPU
		{ED50C031-59EA-4ACF-A037-742D3DAE05F3}.Debug|Any CPU.ActiveCfg = Debug|Any CPU
		{ED50C031-59EA-4ACF-A037-742D3DAE05F3}.Debug|Any CPU.Build.0 = Debug|Any CPU
		{ED50C031-59EA-4ACF-A037-742D3DAE05F3}.Release|Any CPU.ActiveCfg = Release|Any CPU
		{ED50C031-59EA-4ACF-A037-742D3DAE05F3}.Release|Any CPU.Build.0 = Release|Any CPU
	EndGlobalSection
	GlobalSection(SolutionProperties) = preSolution
		HideSolutionNode = FALSE
	EndGlobalSection
	GlobalSection(NestedProjects) = preSolution
		{7ED09719-4BCE-4B3B-A1DE-F375E476E3BC} = {E2B1E7FC-1633-412C-BCA9-EB6235A9E211}
		{3264FB39-2753-4E46-9576-1A308156B104} = {E2B1E7FC-1633-412C-BCA9-EB6235A9E211}
		{C7295D41-F9DA-47FC-8D4B-75D25E106A49} = {E2B1E7FC-1633-412C-BCA9-EB6235A9E211}
		{1E27BFEC-F5C4-4B53-8603-BE8D8D38EE49} = {E2B1E7FC-1633-412C-BCA9-EB6235A9E211}
		{7A29B122-2222-4E82-9012-01E1754332FA} = {7ED09719-4BCE-4B3B-A1DE-F375E476E3BC}
		{E256CEAE-B8F5-4EC3-B3A4-603E910A4C21} = {7A29B122-2222-4E82-9012-01E1754332FA}
		{0F505C97-74DF-4C0F-82F8-563A47B58650} = {3264FB39-2753-4E46-9576-1A308156B104}
		{7A4A89BA-796A-4E80-889A-2801F3D0EE72} = {0F505C97-74DF-4C0F-82F8-563A47B58650}
		{90CEE397-98F0-4E2C-AAB6-2A1038457D2C} = {0F505C97-74DF-4C0F-82F8-563A47B58650}
		{446C3101-BFCE-49AC-8DE6-B77ADD6CA190} = {0F505C97-74DF-4C0F-82F8-563A47B58650}
		{4404DE24-77E9-43A8-B5A6-046776E75239} = {0F505C97-74DF-4C0F-82F8-563A47B58650}
		{261E89D7-5CB6-438D-A7EE-21E1F2EA0B44} = {1E27BFEC-F5C4-4B53-8603-BE8D8D38EE49}
		{B5A9A7CC-F547-4B81-BC37-E92ECFD9927E} = {261E89D7-5CB6-438D-A7EE-21E1F2EA0B44}
		{C9BF9C9C-6E5B-4C0E-8D8D-4E6143BCCA16} = {C7295D41-F9DA-47FC-8D4B-75D25E106A49}
		{210C892A-5BB8-49BD-BB4C-D20AC878F4EB} = {C9BF9C9C-6E5B-4C0E-8D8D-4E6143BCCA16}
		{DD42BBDA-7C0C-4099-9D4C-B1FEF00C63F0} = {C7295D41-F9DA-47FC-8D4B-75D25E106A49}
		{06501075-8EFE-43CE-B418-E7CCC0871A4E} = {DD42BBDA-7C0C-4099-9D4C-B1FEF00C63F0}
		{380CC2E1-094C-4D56-8DF0-4FEBE3D1C515} = {C7295D41-F9DA-47FC-8D4B-75D25E106A49}
		{C0E9E7B3-C6BD-47FE-BB9A-77F5EEA3D3B5} = {380CC2E1-094C-4D56-8DF0-4FEBE3D1C515}
		{54D06612-EC1A-40FD-8E03-567A7B6945ED} = {C7295D41-F9DA-47FC-8D4B-75D25E106A49}
		{8064735C-71A7-4340-92C8-9554EBD57B9A} = {54D06612-EC1A-40FD-8E03-567A7B6945ED}
		{073D229B-0E64-420A-A29E-CDCAC618B322} = {C7295D41-F9DA-47FC-8D4B-75D25E106A49}
		{C4F31BB2-67E7-49C1-B129-2800620559C1} = {073D229B-0E64-420A-A29E-CDCAC618B322}
		{A1DCBEFB-6F94-4749-8111-576A8FAD69C6} = {073D229B-0E64-420A-A29E-CDCAC618B322}
		{70135C0C-A597-48FF-AE98-598F2EC4FC38} = {073D229B-0E64-420A-A29E-CDCAC618B322}
		{1EA2CE2D-4084-4E49-BDF9-633B0AF368D1} = {073D229B-0E64-420A-A29E-CDCAC618B322}
		{08E3F040-6678-4790-9F21-FEB7BFDB1094} = {C7295D41-F9DA-47FC-8D4B-75D25E106A49}
		{ED50C031-59EA-4ACF-A037-742D3DAE05F3} = {08E3F040-6678-4790-9F21-FEB7BFDB1094}
	EndGlobalSection
	GlobalSection(ExtensibilityGlobals) = postSolution
		SolutionGuid = {ECB133D2-7017-4358-9CDA-E47734E652F8}
	EndGlobalSection
EndGlobal
